
Microsoft Visual Studio Solution File, Format Version 12.00
# Visual Studio Express 2012 for Windows Phone
Project("{FAE04EC0-301F-11D3-BF4B-00C04F79EFBC}") = "ClientBackGroundAgent", "ClientBackGroundAgent\ClientBackGroundAgent.csproj", "{0F9E7438-70F6-4928-84D6-6A0904394316}"
EndProject
Project("{FAE04EC0-301F-11D3-BF4B-00C04F79EFBC}") = "ScheduledTaskAgent1", "ScheduledTaskAgent1\ScheduledTaskAgent1.csproj", "{FECD8F48-F8E3-437D-A3BD-212E2D182ADC}"
EndProject
Global
	GlobalSection(SolutionConfigurationPlatforms) = preSolution
		Debug|Any CPU = Debug|Any CPU
		Release|Any CPU = Release|Any CPU
	EndGlobalSection
	GlobalSection(ProjectConfigurationPlatforms) = postSolution
		{0F9E7438-70F6-4928-84D6-6A0904394316}.Debug|Any CPU.ActiveCfg = Debug|Any CPU
		{0F9E7438-70F6-4928-84D6-6A0904394316}.Debug|Any CPU.Build.0 = Debug|Any CPU
		{0F9E7438-70F6-4928-84D6-6A0904394316}.Debug|Any CPU.Deploy.0 = Debug|Any CPU
		{0F9E7438-70F6-4928-84D6-6A0904394316}.Release|Any CPU.ActiveCfg = Release|Any CPU
		{0F9E7438-70F6-4928-84D6-6A0904394316}.Release|Any CPU.Build.0 = Release|Any CPU
		{0F9E7438-70F6-4928-84D6-6A0904394316}.Release|Any CPU.Deploy.0 = Release|Any CPU
		{FECD8F48-F8E3-437D-A3BD-212E2D182ADC}.Debug|Any CPU.ActiveCfg = Debug|Any CPU
		{FECD8F48-F8E3-437D-A3BD-212E2D182ADC}.Debug|Any CPU.Build.0 = Debug|Any CPU
		{FECD8F48-F8E3-437D-A3BD-212E2D182ADC}.Release|Any CPU.ActiveCfg = Release|Any CPU
		{FECD8F48-F8E3-437D-A3BD-212E2D182ADC}.Release|Any CPU.Build.0 = Release|Any CPU
	EndGlobalSection
	GlobalSection(SolutionProperties) = preSolution
		HideSolutionNode = FALSE
	EndGlobalSection
EndGlobal
