
Microsoft Visual Studio Solution File, Format Version 12.00
# Visual Studio Express 2012 for Windows Phone
Project("{FAE04EC0-301F-11D3-BF4B-00C04F79EFBC}") = "ListBox", "ListBox\ListBox.csproj", "{DAD830F6-55D7-4171-B386-12D83BD09815}"
EndProject
Global
	GlobalSection(SolutionConfigurationPlatforms) = preSolution
		Debug|Any CPU = Debug|Any CPU
		Release|Any CPU = Release|Any CPU
	EndGlobalSection
	GlobalSection(ProjectConfigurationPlatforms) = postSolution
		{DAD830F6-55D7-4171-B386-12D83BD09815}.Debug|Any CPU.ActiveCfg = Debug|Any CPU
		{DAD830F6-55D7-4171-B386-12D83BD09815}.Debug|Any CPU.Build.0 = Debug|Any CPU
		{DAD830F6-55D7-4171-B386-12D83BD09815}.Debug|Any CPU.Deploy.0 = Debug|Any CPU
		{DAD830F6-55D7-4171-B386-12D83BD09815}.Release|Any CPU.ActiveCfg = Release|Any CPU
		{DAD830F6-55D7-4171-B386-12D83BD09815}.Release|Any CPU.Build.0 = Release|Any CPU
		{DAD830F6-55D7-4171-B386-12D83BD09815}.Release|Any CPU.Deploy.0 = Release|Any CPU
	EndGlobalSection
	GlobalSection(SolutionProperties) = preSolution
		HideSolutionNode = FALSE
	EndGlobalSection
EndGlobal
