
Microsoft Visual Studio Solution File, Format Version 12.00
# Visual Studio Express 2012 for Windows Phone
Project("{FAE04EC0-301F-11D3-BF4B-00C04F79EFBC}") = "BackgroundAgent", "BackgroundAgent\BackgroundAgent.csproj", "{797E2389-6B69-4653-85FC-6348E1B3E116}"
EndProject
Global
	GlobalSection(SolutionConfigurationPlatforms) = preSolution
		Debug|Any CPU = Debug|Any CPU
		Release|Any CPU = Release|Any CPU
	EndGlobalSection
	GlobalSection(ProjectConfigurationPlatforms) = postSolution
		{797E2389-6B69-4653-85FC-6348E1B3E116}.Debug|Any CPU.ActiveCfg = Debug|Any CPU
		{797E2389-6B69-4653-85FC-6348E1B3E116}.Debug|Any CPU.Build.0 = Debug|Any CPU
		{797E2389-6B69-4653-85FC-6348E1B3E116}.Debug|Any CPU.Deploy.0 = Debug|Any CPU
		{797E2389-6B69-4653-85FC-6348E1B3E116}.Release|Any CPU.ActiveCfg = Release|Any CPU
		{797E2389-6B69-4653-85FC-6348E1B3E116}.Release|Any CPU.Build.0 = Release|Any CPU
		{797E2389-6B69-4653-85FC-6348E1B3E116}.Release|Any CPU.Deploy.0 = Release|Any CPU
	EndGlobalSection
	GlobalSection(SolutionProperties) = preSolution
		HideSolutionNode = FALSE
	EndGlobalSection
EndGlobal
